// !$*UTF8*$!
{
	archiveVersion = 1;
	classes = {
	};
	objectVersion = 46;
	objects = {

/* Begin PBXBuildFile section */
		17EEC0233A61056AF0DDBD3D /* PMDTree.m in Sources */ = {isa = PBXBuildFile; fileRef = 17EEC4325B8BAE716A4C73C4 /* PMDTree.m */; };
		17EEC084EEC7EC76AB0988B3 /* PMDQueue.h in Headers */ = {isa = PBXBuildFile; fileRef = 17EEC607AB60005DDF7E0DC2 /* PMDQueue.h */; settings = {ATTRIBUTES = (Public, ); }; };
		17EEC2FDB8C386B8B5B52C5F /* NSArray+PMDCollections.m in Sources */ = {isa = PBXBuildFile; fileRef = 17EEC08AECEDF759CE9A1B8C /* NSArray+PMDCollections.m */; };
		17EEC45509A07480C797E10D /* PMDBinaryHeap.h in Headers */ = {isa = PBXBuildFile; fileRef = 17EEC2450199C84C392B5562 /* PMDBinaryHeap.h */; settings = {ATTRIBUTES = (Public, ); }; };
		17EEC61B68983988582AA1B7 /* PMDTree.h in Headers */ = {isa = PBXBuildFile; fileRef = 17EEC0233ABE0946CD1D0C47 /* PMDTree.h */; settings = {ATTRIBUTES = (Public, ); }; };
		17EEC65DD5E543379A5C3BD9 /* NSArrayFilterTest.m in Sources */ = {isa = PBXBuildFile; fileRef = 17EECE6C163E1461604A44FF /* NSArrayFilterTest.m */; };
		17EEC6CEDEA7E74DEB944F71 /* NSArrayFindTest.m in Sources */ = {isa = PBXBuildFile; fileRef = 17EEC79B4D231BEDE3E3174E /* NSArrayFindTest.m */; };
		17EEC6EEE2403D55CE2FD6E1 /* NSArray+PMDCollections.h in Headers */ = {isa = PBXBuildFile; fileRef = 17EEC2BD00A8ECE2E34734EB /* NSArray+PMDCollections.h */; settings = {ATTRIBUTES = (Private, ); }; };
		17EEC8990724FCB50D8BB20C /* PMDQueue.m in Sources */ = {isa = PBXBuildFile; fileRef = 17EEC2615133B797B5C4ECDC /* PMDQueue.m */; };
		17EEC925389E2AA953082AF1 /* PMDBag.m in Sources */ = {isa = PBXBuildFile; fileRef = 17EEC016B823BC072DE9E6A2 /* PMDBag.m */; };
		17EEC9FF772FFC84C3A4BCAF /* NSArrayShuffleTest.m in Sources */ = {isa = PBXBuildFile; fileRef = 17EEC882F20E90853326E36D /* NSArrayShuffleTest.m */; };
		17EECAB672D740FE98B46528 /* PMDBinaryHeap.m in Sources */ = {isa = PBXBuildFile; fileRef = 17EEC319AE9F5960C96303BF /* PMDBinaryHeap.m */; };
		17EECAD3D6403E3AE3E4176F /* NSArray+PMDFunctions.h in Headers */ = {isa = PBXBuildFile; fileRef = 17EEC99EB96FE168D0A7367B /* NSArray+PMDFunctions.h */; settings = {ATTRIBUTES = (Public, ); }; };
		17EECC6B11CEF3128A0FEE7C /* NSArrayMappingTest.m in Sources */ = {isa = PBXBuildFile; fileRef = 17EEC1879EA807C7DE79C7F5 /* NSArrayMappingTest.m */; };
		17EECC81607C212DB89413F4 /* PMDBag.h in Headers */ = {isa = PBXBuildFile; fileRef = 17EEC48AE0B684EA75CF6D1B /* PMDBag.h */; settings = {ATTRIBUTES = (Public, ); }; };
		17EECD87BAFEDDA359F6F652 /* NSArray+PMDFunctions.m in Sources */ = {isa = PBXBuildFile; fileRef = 17EECE7D3521CABFAB8ABFF6 /* NSArray+PMDFunctions.m */; };
		360A26DF1F0405BC00B14D0A /* CoreFoundation.framework in Frameworks */ = {isa = PBXBuildFile; fileRef = 360A26DD1F0405BC00B14D0A /* CoreFoundation.framework */; };
		360A26E01F0405BC00B14D0A /* Foundation.framework in Frameworks */ = {isa = PBXBuildFile; fileRef = 360A26DE1F0405BC00B14D0A /* Foundation.framework */; };
		36ADED461F03FD2D0096C373 /* PMDCollections.framework in Frameworks */ = {isa = PBXBuildFile; fileRef = 36ADED3C1F03FD2D0096C373 /* PMDCollections.framework */; };
		36ADED4D1F03FD2D0096C373 /* PMDCollections.h in Headers */ = {isa = PBXBuildFile; fileRef = 36ADED3F1F03FD2D0096C373 /* PMDCollections.h */; settings = {ATTRIBUTES = (Public, ); }; };
/* End PBXBuildFile section */

/* Begin PBXContainerItemProxy section */
		36ADED471F03FD2D0096C373 /* PBXContainerItemProxy */ = {
			isa = PBXContainerItemProxy;
			containerPortal = 36ADED331F03FD2D0096C373 /* Project object */;
			proxyType = 1;
			remoteGlobalIDString = 36ADED3B1F03FD2D0096C373;
			remoteInfo = PMDCollections;
		};
/* End PBXContainerItemProxy section */

/* Begin PBXFileReference section */
		17EEC016B823BC072DE9E6A2 /* PMDBag.m */ = {isa = PBXFileReference; fileEncoding = 4; lastKnownFileType = sourcecode.c.objc; path = PMDBag.m; sourceTree = "<group>"; };
		17EEC0233ABE0946CD1D0C47 /* PMDTree.h */ = {isa = PBXFileReference; fileEncoding = 4; lastKnownFileType = sourcecode.c.h; path = PMDTree.h; sourceTree = "<group>"; };
		17EEC08AECEDF759CE9A1B8C /* NSArray+PMDCollections.m */ = {isa = PBXFileReference; fileEncoding = 4; lastKnownFileType = sourcecode.c.objc; path = "NSArray+PMDCollections.m"; sourceTree = "<group>"; };
		17EEC1879EA807C7DE79C7F5 /* NSArrayMappingTest.m */ = {isa = PBXFileReference; fileEncoding = 4; lastKnownFileType = sourcecode.c.objc; path = NSArrayMappingTest.m; sourceTree = "<group>"; };
		17EEC2450199C84C392B5562 /* PMDBinaryHeap.h */ = {isa = PBXFileReference; fileEncoding = 4; lastKnownFileType = sourcecode.c.h; path = PMDBinaryHeap.h; sourceTree = "<group>"; };
		17EEC2615133B797B5C4ECDC /* PMDQueue.m */ = {isa = PBXFileReference; fileEncoding = 4; lastKnownFileType = sourcecode.c.objc; path = PMDQueue.m; sourceTree = "<group>"; };
		17EEC2BD00A8ECE2E34734EB /* NSArray+PMDCollections.h */ = {isa = PBXFileReference; fileEncoding = 4; lastKnownFileType = sourcecode.c.h; path = "NSArray+PMDCollections.h"; sourceTree = "<group>"; };
		17EEC319AE9F5960C96303BF /* PMDBinaryHeap.m */ = {isa = PBXFileReference; fileEncoding = 4; lastKnownFileType = sourcecode.c.objc; path = PMDBinaryHeap.m; sourceTree = "<group>"; };
		17EEC4325B8BAE716A4C73C4 /* PMDTree.m */ = {isa = PBXFileReference; fileEncoding = 4; lastKnownFileType = sourcecode.c.objc; path = PMDTree.m; sourceTree = "<group>"; };
		17EEC48AE0B684EA75CF6D1B /* PMDBag.h */ = {isa = PBXFileReference; fileEncoding = 4; lastKnownFileType = sourcecode.c.h; path = PMDBag.h; sourceTree = "<group>"; };
		17EEC607AB60005DDF7E0DC2 /* PMDQueue.h */ = {isa = PBXFileReference; fileEncoding = 4; lastKnownFileType = sourcecode.c.h; path = PMDQueue.h; sourceTree = "<group>"; };
		17EEC79B4D231BEDE3E3174E /* NSArrayFindTest.m */ = {isa = PBXFileReference; fileEncoding = 4; lastKnownFileType = sourcecode.c.objc; path = NSArrayFindTest.m; sourceTree = "<group>"; };
		17EEC882F20E90853326E36D /* NSArrayShuffleTest.m */ = {isa = PBXFileReference; fileEncoding = 4; lastKnownFileType = sourcecode.c.objc; path = NSArrayShuffleTest.m; sourceTree = "<group>"; };
		17EEC99EB96FE168D0A7367B /* NSArray+PMDFunctions.h */ = {isa = PBXFileReference; fileEncoding = 4; lastKnownFileType = sourcecode.c.h; path = "NSArray+PMDFunctions.h"; sourceTree = "<group>"; };
		17EECE6C163E1461604A44FF /* NSArrayFilterTest.m */ = {isa = PBXFileReference; fileEncoding = 4; lastKnownFileType = sourcecode.c.objc; path = NSArrayFilterTest.m; sourceTree = "<group>"; };
		17EECE7D3521CABFAB8ABFF6 /* NSArray+PMDFunctions.m */ = {isa = PBXFileReference; fileEncoding = 4; lastKnownFileType = sourcecode.c.objc; path = "NSArray+PMDFunctions.m"; sourceTree = "<group>"; };
		360A26DD1F0405BC00B14D0A /* CoreFoundation.framework */ = {isa = PBXFileReference; lastKnownFileType = wrapper.framework; name = CoreFoundation.framework; path = System/Library/Frameworks/CoreFoundation.framework; sourceTree = SDKROOT; };
		360A26DE1F0405BC00B14D0A /* Foundation.framework */ = {isa = PBXFileReference; lastKnownFileType = wrapper.framework; name = Foundation.framework; path = System/Library/Frameworks/Foundation.framework; sourceTree = SDKROOT; };
		36ADED3C1F03FD2D0096C373 /* PMDCollections.framework */ = {isa = PBXFileReference; explicitFileType = wrapper.framework; includeInIndex = 0; path = PMDCollections.framework; sourceTree = BUILT_PRODUCTS_DIR; };
		36ADED3F1F03FD2D0096C373 /* PMDCollections.h */ = {isa = PBXFileReference; lastKnownFileType = sourcecode.c.h; path = PMDCollections.h; sourceTree = "<group>"; };
		36ADED401F03FD2D0096C373 /* Info.plist */ = {isa = PBXFileReference; lastKnownFileType = text.plist.xml; path = Info.plist; sourceTree = "<group>"; };
		36ADED451F03FD2D0096C373 /* PMDCollectionsTests.xctest */ = {isa = PBXFileReference; explicitFileType = wrapper.cfbundle; includeInIndex = 0; path = PMDCollectionsTests.xctest; sourceTree = BUILT_PRODUCTS_DIR; };
		36ADED4C1F03FD2D0096C373 /* Info.plist */ = {isa = PBXFileReference; lastKnownFileType = text.plist.xml; path = Info.plist; sourceTree = "<group>"; };
/* End PBXFileReference section */

/* Begin PBXFrameworksBuildPhase section */
		36ADED381F03FD2D0096C373 /* Frameworks */ = {
			isa = PBXFrameworksBuildPhase;
			buildActionMask = 2147483647;
			files = (
				360A26DF1F0405BC00B14D0A /* CoreFoundation.framework in Frameworks */,
				360A26E01F0405BC00B14D0A /* Foundation.framework in Frameworks */,
			);
			runOnlyForDeploymentPostprocessing = 0;
		};
		36ADED421F03FD2D0096C373 /* Frameworks */ = {
			isa = PBXFrameworksBuildPhase;
			buildActionMask = 2147483647;
			files = (
				36ADED461F03FD2D0096C373 /* PMDCollections.framework in Frameworks */,
			);
			runOnlyForDeploymentPostprocessing = 0;
		};
/* End PBXFrameworksBuildPhase section */

/* Begin PBXGroup section */
		360A26DC1F0405BC00B14D0A /* Frameworks */ = {
			isa = PBXGroup;
			children = (
				360A26DD1F0405BC00B14D0A /* CoreFoundation.framework */,
				360A26DE1F0405BC00B14D0A /* Foundation.framework */,
			);
			name = Frameworks;
			sourceTree = "<group>";
		};
		36ADED321F03FD2D0096C373 = {
			isa = PBXGroup;
			children = (
				36ADED3E1F03FD2D0096C373 /* PMDCollections */,
				36ADED491F03FD2D0096C373 /* PMDCollectionsTests */,
				36ADED3D1F03FD2D0096C373 /* Products */,
				360A26DC1F0405BC00B14D0A /* Frameworks */,
			);
			sourceTree = "<group>";
		};
		36ADED3D1F03FD2D0096C373 /* Products */ = {
			isa = PBXGroup;
			children = (
				36ADED3C1F03FD2D0096C373 /* PMDCollections.framework */,
				36ADED451F03FD2D0096C373 /* PMDCollectionsTests.xctest */,
			);
			name = Products;
			sourceTree = "<group>";
		};
		36ADED3E1F03FD2D0096C373 /* PMDCollections */ = {
			isa = PBXGroup;
			children = (
				36ADED3F1F03FD2D0096C373 /* PMDCollections.h */,
				36ADED401F03FD2D0096C373 /* Info.plist */,
				17EEC08AECEDF759CE9A1B8C /* NSArray+PMDCollections.m */,
				17EEC2BD00A8ECE2E34734EB /* NSArray+PMDCollections.h */,
				17EEC319AE9F5960C96303BF /* PMDBinaryHeap.m */,
				17EEC2450199C84C392B5562 /* PMDBinaryHeap.h */,
				17EEC2615133B797B5C4ECDC /* PMDQueue.m */,
				17EEC607AB60005DDF7E0DC2 /* PMDQueue.h */,
				17EEC4325B8BAE716A4C73C4 /* PMDTree.m */,
				17EEC0233ABE0946CD1D0C47 /* PMDTree.h */,
				17EEC016B823BC072DE9E6A2 /* PMDBag.m */,
				17EEC48AE0B684EA75CF6D1B /* PMDBag.h */,
				17EECE7D3521CABFAB8ABFF6 /* NSArray+PMDFunctions.m */,
				17EEC99EB96FE168D0A7367B /* NSArray+PMDFunctions.h */,
			);
			path = PMDCollections;
			sourceTree = "<group>";
		};
		36ADED491F03FD2D0096C373 /* PMDCollectionsTests */ = {
			isa = PBXGroup;
			children = (
				36ADED4C1F03FD2D0096C373 /* Info.plist */,
				17EEC1879EA807C7DE79C7F5 /* NSArrayMappingTest.m */,
				17EECE6C163E1461604A44FF /* NSArrayFilterTest.m */,
				17EEC79B4D231BEDE3E3174E /* NSArrayFindTest.m */,
				17EEC882F20E90853326E36D /* NSArrayShuffleTest.m */,
			);
			path = PMDCollectionsTests;
			sourceTree = "<group>";
		};
/* End PBXGroup section */

/* Begin PBXHeadersBuildPhase section */
		36ADED391F03FD2D0096C373 /* Headers */ = {
			isa = PBXHeadersBuildPhase;
			buildActionMask = 2147483647;
			files = (
				36ADED4D1F03FD2D0096C373 /* PMDCollections.h in Headers */,
				17EEC45509A07480C797E10D /* PMDBinaryHeap.h in Headers */,
				17EEC084EEC7EC76AB0988B3 /* PMDQueue.h in Headers */,
				17EECC81607C212DB89413F4 /* PMDBag.h in Headers */,
				17EECAD3D6403E3AE3E4176F /* NSArray+PMDFunctions.h in Headers */,
				17EEC61B68983988582AA1B7 /* PMDTree.h in Headers */,
				17EEC6EEE2403D55CE2FD6E1 /* NSArray+PMDCollections.h in Headers */,
			);
			runOnlyForDeploymentPostprocessing = 0;
		};
/* End PBXHeadersBuildPhase section */

/* Begin PBXNativeTarget section */
		36ADED3B1F03FD2D0096C373 /* PMDCollections */ = {
			isa = PBXNativeTarget;
			buildConfigurationList = 36ADED501F03FD2D0096C373 /* Build configuration list for PBXNativeTarget "PMDCollections" */;
			buildPhases = (
				36ADED371F03FD2D0096C373 /* Sources */,
				36ADED381F03FD2D0096C373 /* Frameworks */,
				36ADED391F03FD2D0096C373 /* Headers */,
				36ADED3A1F03FD2D0096C373 /* Resources */,
			);
			buildRules = (
			);
			dependencies = (
			);
			name = PMDCollections;
			productName = PMDCollections;
			productReference = 36ADED3C1F03FD2D0096C373 /* PMDCollections.framework */;
			productType = "com.apple.product-type.framework";
		};
		36ADED441F03FD2D0096C373 /* PMDCollectionsTests */ = {
			isa = PBXNativeTarget;
			buildConfigurationList = 36ADED531F03FD2D0096C373 /* Build configuration list for PBXNativeTarget "PMDCollectionsTests" */;
			buildPhases = (
				36ADED411F03FD2D0096C373 /* Sources */,
				36ADED421F03FD2D0096C373 /* Frameworks */,
				36ADED431F03FD2D0096C373 /* Resources */,
			);
			buildRules = (
			);
			dependencies = (
				36ADED481F03FD2D0096C373 /* PBXTargetDependency */,
			);
			name = PMDCollectionsTests;
			productName = PMDCollectionsTests;
			productReference = 36ADED451F03FD2D0096C373 /* PMDCollectionsTests.xctest */;
			productType = "com.apple.product-type.bundle.unit-test";
		};
/* End PBXNativeTarget section */

/* Begin PBXProject section */
		36ADED331F03FD2D0096C373 /* Project object */ = {
			isa = PBXProject;
			attributes = {
				LastUpgradeCheck = 0830;
				ORGANIZATIONNAME = "Prime Digital";
				TargetAttributes = {
					36ADED3B1F03FD2D0096C373 = {
						CreatedOnToolsVersion = 8.3.3;
						DevelopmentTeam = NF3Z42SEZ7;
						ProvisioningStyle = Automatic;
					};
					36ADED441F03FD2D0096C373 = {
						CreatedOnToolsVersion = 8.3.3;
						DevelopmentTeam = NF3Z42SEZ7;
						ProvisioningStyle = Automatic;
					};
				};
			};
			buildConfigurationList = 36ADED361F03FD2D0096C373 /* Build configuration list for PBXProject "PMDCollections" */;
			compatibilityVersion = "Xcode 3.2";
			developmentRegion = English;
			hasScannedForEncodings = 0;
			knownRegions = (
				en,
			);
			mainGroup = 36ADED321F03FD2D0096C373;
			productRefGroup = 36ADED3D1F03FD2D0096C373 /* Products */;
			projectDirPath = "";
			projectRoot = "";
			targets = (
				36ADED3B1F03FD2D0096C373 /* PMDCollections */,
				36ADED441F03FD2D0096C373 /* PMDCollectionsTests */,
			);
		};
/* End PBXProject section */

/* Begin PBXResourcesBuildPhase section */
		36ADED3A1F03FD2D0096C373 /* Resources */ = {
			isa = PBXResourcesBuildPhase;
			buildActionMask = 2147483647;
			files = (
			);
			runOnlyForDeploymentPostprocessing = 0;
		};
		36ADED431F03FD2D0096C373 /* Resources */ = {
			isa = PBXResourcesBuildPhase;
			buildActionMask = 2147483647;
			files = (
			);
			runOnlyForDeploymentPostprocessing = 0;
		};
/* End PBXResourcesBuildPhase section */

/* Begin PBXSourcesBuildPhase section */
		36ADED371F03FD2D0096C373 /* Sources */ = {
			isa = PBXSourcesBuildPhase;
			buildActionMask = 2147483647;
			files = (
				17EEC2FDB8C386B8B5B52C5F /* NSArray+PMDCollections.m in Sources */,
				17EECAB672D740FE98B46528 /* PMDBinaryHeap.m in Sources */,
				17EEC8990724FCB50D8BB20C /* PMDQueue.m in Sources */,
				17EEC0233A61056AF0DDBD3D /* PMDTree.m in Sources */,
				17EEC925389E2AA953082AF1 /* PMDBag.m in Sources */,
				17EECD87BAFEDDA359F6F652 /* NSArray+PMDFunctions.m in Sources */,
			);
			runOnlyForDeploymentPostprocessing = 0;
		};
		36ADED411F03FD2D0096C373 /* Sources */ = {
			isa = PBXSourcesBuildPhase;
			buildActionMask = 2147483647;
			files = (
				17EECC6B11CEF3128A0FEE7C /* NSArrayMappingTest.m in Sources */,
				17EEC65DD5E543379A5C3BD9 /* NSArrayFilterTest.m in Sources */,
				17EEC6CEDEA7E74DEB944F71 /* NSArrayFindTest.m in Sources */,
				17EEC9FF772FFC84C3A4BCAF /* NSArrayShuffleTest.m in Sources */,
			);
			runOnlyForDeploymentPostprocessing = 0;
		};
/* End PBXSourcesBuildPhase section */

/* Begin PBXTargetDependency section */
		36ADED481F03FD2D0096C373 /* PBXTargetDependency */ = {
			isa = PBXTargetDependency;
			target = 36ADED3B1F03FD2D0096C373 /* PMDCollections */;
			targetProxy = 36ADED471F03FD2D0096C373 /* PBXContainerItemProxy */;
		};
/* End PBXTargetDependency section */

/* Begin XCBuildConfiguration section */
		36ADED4E1F03FD2D0096C373 /* Debug */ = {
			isa = XCBuildConfiguration;
			buildSettings = {
				ALWAYS_SEARCH_USER_PATHS = NO;
				CLANG_ANALYZER_NONNULL = YES;
				CLANG_ANALYZER_NUMBER_OBJECT_CONVERSION = YES_AGGRESSIVE;
				CLANG_CXX_LANGUAGE_STANDARD = "gnu++0x";
				CLANG_CXX_LIBRARY = "libc++";
				CLANG_ENABLE_MODULES = YES;
				CLANG_ENABLE_OBJC_ARC = YES;
				CLANG_WARN_BOOL_CONVERSION = YES;
				CLANG_WARN_CONSTANT_CONVERSION = YES;
				CLANG_WARN_DIRECT_OBJC_ISA_USAGE = YES_ERROR;
				CLANG_WARN_DOCUMENTATION_COMMENTS = YES;
				CLANG_WARN_EMPTY_BODY = YES;
				CLANG_WARN_ENUM_CONVERSION = YES;
				CLANG_WARN_INFINITE_RECURSION = YES;
				CLANG_WARN_INT_CONVERSION = YES;
				CLANG_WARN_OBJC_ROOT_CLASS = YES_ERROR;
				CLANG_WARN_SUSPICIOUS_MOVE = YES;
				CLANG_WARN_UNREACHABLE_CODE = YES;
				CLANG_WARN__DUPLICATE_METHOD_MATCH = YES;
				"CODE_SIGN_IDENTITY[sdk=iphoneos*]" = "iPhone Developer";
				COPY_PHASE_STRIP = NO;
				CURRENT_PROJECT_VERSION = 1;
				DEBUG_INFORMATION_FORMAT = dwarf;
				ENABLE_STRICT_OBJC_MSGSEND = YES;
				ENABLE_TESTABILITY = YES;
				GCC_C_LANGUAGE_STANDARD = gnu99;
				GCC_DYNAMIC_NO_PIC = NO;
				GCC_NO_COMMON_BLOCKS = YES;
				GCC_OPTIMIZATION_LEVEL = 0;
				GCC_PREPROCESSOR_DEFINITIONS = (
					"DEBUG=1",
					"$(inherited)",
				);
				GCC_WARN_64_TO_32_BIT_CONVERSION = YES;
				GCC_WARN_ABOUT_RETURN_TYPE = YES_ERROR;
				GCC_WARN_UNDECLARED_SELECTOR = YES;
				GCC_WARN_UNINITIALIZED_AUTOS = YES_AGGRESSIVE;
				GCC_WARN_UNUSED_FUNCTION = YES;
				GCC_WARN_UNUSED_VARIABLE = YES;
				IPHONEOS_DEPLOYMENT_TARGET = 8.0;
				MTL_ENABLE_DEBUG_INFO = YES;
				ONLY_ACTIVE_ARCH = YES;
				SDKROOT = iphoneos;
				TARGETED_DEVICE_FAMILY = "1,2";
				VERSIONING_SYSTEM = "apple-generic";
				VERSION_INFO_PREFIX = "";
			};
			name = Debug;
		};
		36ADED4F1F03FD2D0096C373 /* Release */ = {
			isa = XCBuildConfiguration;
			buildSettings = {
				ALWAYS_SEARCH_USER_PATHS = NO;
				CLANG_ANALYZER_NONNULL = YES;
				CLANG_ANALYZER_NUMBER_OBJECT_CONVERSION = YES_AGGRESSIVE;
				CLANG_CXX_LANGUAGE_STANDARD = "gnu++0x";
				CLANG_CXX_LIBRARY = "libc++";
				CLANG_ENABLE_MODULES = YES;
				CLANG_ENABLE_OBJC_ARC = YES;
				CLANG_WARN_BOOL_CONVERSION = YES;
				CLANG_WARN_CONSTANT_CONVERSION = YES;
				CLANG_WARN_DIRECT_OBJC_ISA_USAGE = YES_ERROR;
				CLANG_WARN_DOCUMENTATION_COMMENTS = YES;
				CLANG_WARN_EMPTY_BODY = YES;
				CLANG_WARN_ENUM_CONVERSION = YES;
				CLANG_WARN_INFINITE_RECURSION = YES;
				CLANG_WARN_INT_CONVERSION = YES;
				CLANG_WARN_OBJC_ROOT_CLASS = YES_ERROR;
				CLANG_WARN_SUSPICIOUS_MOVE = YES;
				CLANG_WARN_UNREACHABLE_CODE = YES;
				CLANG_WARN__DUPLICATE_METHOD_MATCH = YES;
				"CODE_SIGN_IDENTITY[sdk=iphoneos*]" = "iPhone Developer";
				COPY_PHASE_STRIP = NO;
				CURRENT_PROJECT_VERSION = 1;
				DEBUG_INFORMATION_FORMAT = "dwarf-with-dsym";
				ENABLE_NS_ASSERTIONS = NO;
				ENABLE_STRICT_OBJC_MSGSEND = YES;
				GCC_C_LANGUAGE_STANDARD = gnu99;
				GCC_NO_COMMON_BLOCKS = YES;
				GCC_WARN_64_TO_32_BIT_CONVERSION = YES;
				GCC_WARN_ABOUT_RETURN_TYPE = YES_ERROR;
				GCC_WARN_UNDECLARED_SELECTOR = YES;
				GCC_WARN_UNINITIALIZED_AUTOS = YES_AGGRESSIVE;
				GCC_WARN_UNUSED_FUNCTION = YES;
				GCC_WARN_UNUSED_VARIABLE = YES;
				IPHONEOS_DEPLOYMENT_TARGET = 8.0;
				MTL_ENABLE_DEBUG_INFO = NO;
				SDKROOT = iphoneos;
				TARGETED_DEVICE_FAMILY = "1,2";
				VALIDATE_PRODUCT = YES;
				VERSIONING_SYSTEM = "apple-generic";
				VERSION_INFO_PREFIX = "";
			};
			name = Release;
		};
		36ADED511F03FD2D0096C373 /* Debug */ = {
			isa = XCBuildConfiguration;
			buildSettings = {
				CODE_SIGN_IDENTITY = "";
				DEFINES_MODULE = YES;
				DEVELOPMENT_TEAM = NF3Z42SEZ7;
				DYLIB_COMPATIBILITY_VERSION = 1;
				DYLIB_CURRENT_VERSION = 1;
				DYLIB_INSTALL_NAME_BASE = "@rpath";
				GCC_INSTRUMENT_PROGRAM_FLOW_ARCS = YES;
				INFOPLIST_FILE = PMDCollections/Info.plist;
				INSTALL_PATH = "$(LOCAL_LIBRARY_DIR)/Frameworks";
				LD_RUNPATH_SEARCH_PATHS = "$(inherited) @executable_path/Frameworks @loader_path/Frameworks";
				PRODUCT_BUNDLE_IDENTIFIER = ru.primedigital.PMDCollections;
				PRODUCT_NAME = "$(TARGET_NAME)";
				SKIP_INSTALL = YES;
			};
			name = Debug;
		};
		36ADED521F03FD2D0096C373 /* Release */ = {
			isa = XCBuildConfiguration;
			buildSettings = {
				CODE_SIGN_IDENTITY = "";
				DEFINES_MODULE = YES;
				DEVELOPMENT_TEAM = NF3Z42SEZ7;
				DYLIB_COMPATIBILITY_VERSION = 1;
				DYLIB_CURRENT_VERSION = 1;
				DYLIB_INSTALL_NAME_BASE = "@rpath";
				GCC_INSTRUMENT_PROGRAM_FLOW_ARCS = NO;
				INFOPLIST_FILE = PMDCollections/Info.plist;
				INSTALL_PATH = "$(LOCAL_LIBRARY_DIR)/Frameworks";
				LD_RUNPATH_SEARCH_PATHS = "$(inherited) @executable_path/Frameworks @loader_path/Frameworks";
				PRODUCT_BUNDLE_IDENTIFIER = ru.primedigital.PMDCollections;
				PRODUCT_NAME = "$(TARGET_NAME)";
				SKIP_INSTALL = YES;
			};
			name = Release;
		};
		36ADED541F03FD2D0096C373 /* Debug */ = {
			isa = XCBuildConfiguration;
			buildSettings = {
				DEVELOPMENT_TEAM = NF3Z42SEZ7;
				INFOPLIST_FILE = PMDCollectionsTests/Info.plist;
				LD_RUNPATH_SEARCH_PATHS = "$(inherited) @executable_path/Frameworks @loader_path/Frameworks";
				PRODUCT_BUNDLE_IDENTIFIER = ru.primedigital.PMDCollectionsTests;
				PRODUCT_NAME = "$(TARGET_NAME)";
			};
			name = Debug;
		};
		36ADED551F03FD2D0096C373 /* Release */ = {
			isa = XCBuildConfiguration;
			buildSettings = {
				DEVELOPMENT_TEAM = NF3Z42SEZ7;
				INFOPLIST_FILE = PMDCollectionsTests/Info.plist;
				LD_RUNPATH_SEARCH_PATHS = "$(inherited) @executable_path/Frameworks @loader_path/Frameworks";
				PRODUCT_BUNDLE_IDENTIFIER = ru.primedigital.PMDCollectionsTests;
				PRODUCT_NAME = "$(TARGET_NAME)";
			};
			name = Release;
		};
/* End XCBuildConfiguration section */

/* Begin XCConfigurationList section */
		36ADED361F03FD2D0096C373 /* Build configuration list for PBXProject "PMDCollections" */ = {
			isa = XCConfigurationList;
			buildConfigurations = (
				36ADED4E1F03FD2D0096C373 /* Debug */,
				36ADED4F1F03FD2D0096C373 /* Release */,
			);
			defaultConfigurationIsVisible = 0;
			defaultConfigurationName = Release;
		};
		36ADED501F03FD2D0096C373 /* Build configuration list for PBXNativeTarget "PMDCollections" */ = {
			isa = XCConfigurationList;
			buildConfigurations = (
				36ADED511F03FD2D0096C373 /* Debug */,
				36ADED521F03FD2D0096C373 /* Release */,
			);
			defaultConfigurationIsVisible = 0;
			defaultConfigurationName = Release;
		};
		36ADED531F03FD2D0096C373 /* Build configuration list for PBXNativeTarget "PMDCollectionsTests" */ = {
			isa = XCConfigurationList;
			buildConfigurations = (
				36ADED541F03FD2D0096C373 /* Debug */,
				36ADED551F03FD2D0096C373 /* Release */,
			);
			defaultConfigurationIsVisible = 0;
			defaultConfigurationName = Release;
		};
/* End XCConfigurationList section */
	};
	rootObject = 36ADED331F03FD2D0096C373 /* Project object */;
}
